
Microsoft Visual Studio Solution File, Format Version 12.00
# Visual Studio Version 17
VisualStudioVersion = 17.0.31903.59
MinimumVisualStudioVersion = 10.0.40219.1
Project("{2150E333-8FDC-42A3-9474-1A3956D46DE8}") = "src", "src", "{D7618E54-1394-48FB-9567-84201E1ACC0D}"
EndProject
Project("{2150E333-8FDC-42A3-9474-1A3956D46DE8}") = "Services", "Services", "{4016E689-A14A-4A99-8BCE-DC0A3B25302D}"
EndProject
Project("{2150E333-8FDC-42A3-9474-1A3956D46DE8}") = "Identity", "Identity", "{6F9D642A-6712-40B2-B88C-953FA622DC0B}"
EndProject
Project("{9A19103F-16F7-4668-BE54-9A1E7A4F7556}") = "Ant.Identity.WebAPI", "src\Services\Identity\Ant.Identity.WebAPI\Ant.Identity.WebAPI.csproj", "{D7713F8E-C222-4EC6-B87A-534DA6A6E1E0}"
EndProject
Project("{2150E333-8FDC-42A3-9474-1A3956D46DE8}") = "Membership", "Membership", "{4F24F736-3849-4CDF-9711-CA92B408534B}"
EndProject
Project("{FAE04EC0-301F-11D3-BF4B-00C04F79EFBC}") = "Ant.Membership.WebAPI", "src\Services\Membership\Ant.Membership.WebAPI\Ant.Membership.WebAPI.csproj", "{CA6FB8EB-D5E9-42C9-B81D-974BB666DD14}"
EndProject
Project("{2150E333-8FDC-42A3-9474-1A3956D46DE8}") = "Catalog", "Catalog", "{00263BAE-D84E-4465-8F42-D9B9A8B47127}"
EndProject
Project("{FAE04EC0-301F-11D3-BF4B-00C04F79EFBC}") = "Ant.Catalog.WebAPI", "src\Services\Catalog\Ant.Catalog.WebAPI\Ant.Catalog.WebAPI.csproj", "{A22C732B-1C7F-4647-AE3C-8852B94AF663}"
EndProject
Project("{2150E333-8FDC-42A3-9474-1A3956D46DE8}") = "Ordering", "Ordering", "{BDDAAAB4-E891-41D0-BFB1-D3E6591C8D7D}"
EndProject
Project("{FAE04EC0-301F-11D3-BF4B-00C04F79EFBC}") = "Ant.Ordering.WebAPI", "src\Ant.Ordering.WebAPI\Ant.Ordering.WebAPI.csproj", "{3383BC11-9FDE-44BC-A864-78352AECAF24}"
EndProject
Project("{2150E333-8FDC-42A3-9474-1A3956D46DE8}") = "Infrastructure", "Infrastructure", "{CA1DA039-1370-4A57-9670-F4F07D521D9C}"
EndProject
Project("{FAE04EC0-301F-11D3-BF4B-00C04F79EFBC}") = "Ant.Core", "src\Infrastructure\Ant.Core\Ant.Core.csproj", "{A354E19F-93A4-47C7-B0CC-9B6E9EEE421D}"
EndProject
Project("{FAE04EC0-301F-11D3-BF4B-00C04F79EFBC}") = "Ant.Data.EntityFrameworkCore", "src\Infrastructure\Ant.Data.EntityFrameworkCore\Ant.Data.EntityFrameworkCore.csproj", "{363D842F-24ED-41B0-87A5-ED369379E1F1}"
EndProject
Global
	GlobalSection(SolutionConfigurationPlatforms) = preSolution
		Debug|Any CPU = Debug|Any CPU
		Release|Any CPU = Release|Any CPU
	EndGlobalSection
	GlobalSection(ProjectConfigurationPlatforms) = postSolution
		{D7713F8E-C222-4EC6-B87A-534DA6A6E1E0}.Debug|Any CPU.ActiveCfg = Debug|Any CPU
		{D7713F8E-C222-4EC6-B87A-534DA6A6E1E0}.Debug|Any CPU.Build.0 = Debug|Any CPU
		{D7713F8E-C222-4EC6-B87A-534DA6A6E1E0}.Release|Any CPU.ActiveCfg = Release|Any CPU
		{D7713F8E-C222-4EC6-B87A-534DA6A6E1E0}.Release|Any CPU.Build.0 = Release|Any CPU
		{CA6FB8EB-D5E9-42C9-B81D-974BB666DD14}.Debug|Any CPU.ActiveCfg = Debug|Any CPU
		{CA6FB8EB-D5E9-42C9-B81D-974BB666DD14}.Debug|Any CPU.Build.0 = Debug|Any CPU
		{CA6FB8EB-D5E9-42C9-B81D-974BB666DD14}.Release|Any CPU.ActiveCfg = Release|Any CPU
		{CA6FB8EB-D5E9-42C9-B81D-974BB666DD14}.Release|Any CPU.Build.0 = Release|Any CPU
		{A22C732B-1C7F-4647-AE3C-8852B94AF663}.Debug|Any CPU.ActiveCfg = Debug|Any CPU
		{A22C732B-1C7F-4647-AE3C-8852B94AF663}.Debug|Any CPU.Build.0 = Debug|Any CPU
		{A22C732B-1C7F-4647-AE3C-8852B94AF663}.Release|Any CPU.ActiveCfg = Release|Any CPU
		{A22C732B-1C7F-4647-AE3C-8852B94AF663}.Release|Any CPU.Build.0 = Release|Any CPU
		{3383BC11-9FDE-44BC-A864-78352AECAF24}.Debug|Any CPU.ActiveCfg = Debug|Any CPU
		{3383BC11-9FDE-44BC-A864-78352AECAF24}.Debug|Any CPU.Build.0 = Debug|Any CPU
		{3383BC11-9FDE-44BC-A864-78352AECAF24}.Release|Any CPU.ActiveCfg = Release|Any CPU
		{3383BC11-9FDE-44BC-A864-78352AECAF24}.Release|Any CPU.Build.0 = Release|Any CPU
		{A354E19F-93A4-47C7-B0CC-9B6E9EEE421D}.Debug|Any CPU.ActiveCfg = Debug|Any CPU
		{A354E19F-93A4-47C7-B0CC-9B6E9EEE421D}.Debug|Any CPU.Build.0 = Debug|Any CPU
		{A354E19F-93A4-47C7-B0CC-9B6E9EEE421D}.Release|Any CPU.ActiveCfg = Release|Any CPU
		{A354E19F-93A4-47C7-B0CC-9B6E9EEE421D}.Release|Any CPU.Build.0 = Release|Any CPU
		{363D842F-24ED-41B0-87A5-ED369379E1F1}.Debug|Any CPU.ActiveCfg = Debug|Any CPU
		{363D842F-24ED-41B0-87A5-ED369379E1F1}.Debug|Any CPU.Build.0 = Debug|Any CPU
		{363D842F-24ED-41B0-87A5-ED369379E1F1}.Release|Any CPU.ActiveCfg = Release|Any CPU
		{363D842F-24ED-41B0-87A5-ED369379E1F1}.Release|Any CPU.Build.0 = Release|Any CPU
	EndGlobalSection
	GlobalSection(SolutionProperties) = preSolution
		HideSolutionNode = FALSE
	EndGlobalSection
	GlobalSection(NestedProjects) = preSolution
		{4016E689-A14A-4A99-8BCE-DC0A3B25302D} = {D7618E54-1394-48FB-9567-84201E1ACC0D}
		{6F9D642A-6712-40B2-B88C-953FA622DC0B} = {4016E689-A14A-4A99-8BCE-DC0A3B25302D}
		{D7713F8E-C222-4EC6-B87A-534DA6A6E1E0} = {6F9D642A-6712-40B2-B88C-953FA622DC0B}
		{4F24F736-3849-4CDF-9711-CA92B408534B} = {4016E689-A14A-4A99-8BCE-DC0A3B25302D}
		{CA6FB8EB-D5E9-42C9-B81D-974BB666DD14} = {4F24F736-3849-4CDF-9711-CA92B408534B}
		{00263BAE-D84E-4465-8F42-D9B9A8B47127} = {4016E689-A14A-4A99-8BCE-DC0A3B25302D}
		{A22C732B-1C7F-4647-AE3C-8852B94AF663} = {00263BAE-D84E-4465-8F42-D9B9A8B47127}
		{BDDAAAB4-E891-41D0-BFB1-D3E6591C8D7D} = {4016E689-A14A-4A99-8BCE-DC0A3B25302D}
		{3383BC11-9FDE-44BC-A864-78352AECAF24} = {BDDAAAB4-E891-41D0-BFB1-D3E6591C8D7D}
		{CA1DA039-1370-4A57-9670-F4F07D521D9C} = {D7618E54-1394-48FB-9567-84201E1ACC0D}
		{A354E19F-93A4-47C7-B0CC-9B6E9EEE421D} = {CA1DA039-1370-4A57-9670-F4F07D521D9C}
		{363D842F-24ED-41B0-87A5-ED369379E1F1} = {CA1DA039-1370-4A57-9670-F4F07D521D9C}
	EndGlobalSection
	GlobalSection(ExtensibilityGlobals) = postSolution
		SolutionGuid = {F6718F1A-8F97-4628-9AFE-6AD8CEF9127F}
	EndGlobalSection
EndGlobal
