
Microsoft Visual Studio Solution File, Format Version 12.00
# Visual Studio Version 17
VisualStudioVersion = 17.0.31903.59
MinimumVisualStudioVersion = 10.0.40219.1
Project("{2150E333-8FDC-42A3-9474-1A3956D46DE8}") = "src", "src", "{D7618E54-1394-48FB-9567-84201E1ACC0D}"
EndProject
Project("{2150E333-8FDC-42A3-9474-1A3956D46DE8}") = "Services", "Services", "{4016E689-A14A-4A99-8BCE-DC0A3B25302D}"
EndProject
Project("{2150E333-8FDC-42A3-9474-1A3956D46DE8}") = "Identity", "Identity", "{6F9D642A-6712-40B2-B88C-953FA622DC0B}"
EndProject
Project("{9A19103F-16F7-4668-BE54-9A1E7A4F7556}") = "Rabbit.Identity.WebAPI", "src\Services\Identity\Rabbit.Identity.WebAPI\Rabbit.Identity.WebAPI.csproj", "{D7713F8E-C222-4EC6-B87A-534DA6A6E1E0}"
EndProject
Project("{2150E333-8FDC-42A3-9474-1A3956D46DE8}") = "Membership", "Membership", "{4F24F736-3849-4CDF-9711-CA92B408534B}"
EndProject
Project("{9A19103F-16F7-4668-BE54-9A1E7A4F7556}") = "Rabbit.Membership.WebAPI", "src\Services\Membership\Rabbit.Membership.WebAPI\Rabbit.Membership.WebAPI.csproj", "{CA6FB8EB-D5E9-42C9-B81D-974BB666DD14}"
EndProject
Project("{2150E333-8FDC-42A3-9474-1A3956D46DE8}") = "Catalog", "Catalog", "{00263BAE-D84E-4465-8F42-D9B9A8B47127}"
EndProject
Project("{9A19103F-16F7-4668-BE54-9A1E7A4F7556}") = "Rabbit.Catalog.WebAPI", "src\Services\Catalog\Rabbit.Catalog.WebAPI\Rabbit.Catalog.WebAPI.csproj", "{A22C732B-1C7F-4647-AE3C-8852B94AF663}"
EndProject
Project("{2150E333-8FDC-42A3-9474-1A3956D46DE8}") = "Ordering", "Ordering", "{BDDAAAB4-E891-41D0-BFB1-D3E6591C8D7D}"
EndProject
Project("{2150E333-8FDC-42A3-9474-1A3956D46DE8}") = "Infrastructure", "Infrastructure", "{CA1DA039-1370-4A57-9670-F4F07D521D9C}"
EndProject
Project("{9A19103F-16F7-4668-BE54-9A1E7A4F7556}") = "Rabbit.Data.EntityFrameworkCore", "src\Infrastructure\Rabbit.Data.EntityFrameworkCore\Rabbit.Data.EntityFrameworkCore.csproj", "{363D842F-24ED-41B0-87A5-ED369379E1F1}"
EndProject
Project("{9A19103F-16F7-4668-BE54-9A1E7A4F7556}") = "Rabbit.Catalog.Core", "src\Services\Catalog\Rabbit.Catalog.Core\Rabbit.Catalog.Core.csproj", "{C67658F4-E2E2-4294-B6A0-3A06FF79DA45}"
EndProject
Project("{9A19103F-16F7-4668-BE54-9A1E7A4F7556}") = "Rabbit.Catalog.Infrastructure", "src\Services\Catalog\Rabbit.Catalog.Infrastructure\Rabbit.Catalog.Infrastructure.csproj", "{721BEAA8-690F-42FB-A45B-5610034D9CE1}"
EndProject
Project("{9A19103F-16F7-4668-BE54-9A1E7A4F7556}") = "Rabbit", "src\Infrastructure\Rabbit\Rabbit.csproj", "{A806687B-344C-47AF-8283-41970D6909F6}"
EndProject
Project("{9A19103F-16F7-4668-BE54-9A1E7A4F7556}") = "Rabbit.AspNetCore", "src\Infrastructure\Rabbit.AspNetCore\Rabbit.AspNetCore.csproj", "{F4699114-862C-4DED-B04D-6A5B697AE09D}"
EndProject
Project("{9A19103F-16F7-4668-BE54-9A1E7A4F7556}") = "Rabbit.Ordering.WebAPI", "src\Services\Ordering\Rabbit.Ordering.WebAPI\Rabbit.Ordering.WebAPI.csproj", "{E0826BFE-7F91-488F-AF8B-A62672958F56}"
EndProject
Project("{9A19103F-16F7-4668-BE54-9A1E7A4F7556}") = "Rabbit.Caching.Redis", "src\Infrastructure\Rabbit.Caching.Redis\Rabbit.Caching.Redis.csproj", "{5FCAB10E-76AB-4091-A2DF-5F8D5BFB0912}"
EndProject
Project("{9A19103F-16F7-4668-BE54-9A1E7A4F7556}") = "Rabbit.Configuration.Nacos", "src\Infrastructure\Rabbit.Configuration.Nacos\Rabbit.Configuration.Nacos.csproj", "{B55EABA4-08F7-47C3-9EF3-A3981CD6C10C}"
EndProject
Project("{9A19103F-16F7-4668-BE54-9A1E7A4F7556}") = "Rabbit.Identity", "src\Services\Identity\Rabbit.Identity\Rabbit.Identity.csproj", "{DA64933B-2103-4DDC-8610-3F2FE8CF108D}"
EndProject
Project("{9A19103F-16F7-4668-BE54-9A1E7A4F7556}") = "Rabbit.Identity.Infrastructure", "src\Services\Identity\Rabbit.Identity.Infrastructure\Rabbit.Identity.Infrastructure.csproj", "{B8D51504-FA0B-4B59-8EDB-462B0C0894FA}"
EndProject
Project("{2150E333-8FDC-42A3-9474-1A3956D46DE8}") = "Web", "Web", "{B12364F1-3B19-4369-B19D-BB2C82FCE663}"
EndProject
Project("{54A90642-561A-4BB1-A94E-469ADEE60C69}") = "Rabbit.AdminVue", "src\Web\Rabbit.AdminVue\Rabbit.AdminVue.esproj", "{EECA761F-8401-4A2B-87D5-FC21962FB68C}"
EndProject
Global
	GlobalSection(SolutionConfigurationPlatforms) = preSolution
		Debug|Any CPU = Debug|Any CPU
		Release|Any CPU = Release|Any CPU
	EndGlobalSection
	GlobalSection(ProjectConfigurationPlatforms) = postSolution
		{D7713F8E-C222-4EC6-B87A-534DA6A6E1E0}.Debug|Any CPU.ActiveCfg = Debug|Any CPU
		{D7713F8E-C222-4EC6-B87A-534DA6A6E1E0}.Debug|Any CPU.Build.0 = Debug|Any CPU
		{D7713F8E-C222-4EC6-B87A-534DA6A6E1E0}.Release|Any CPU.ActiveCfg = Release|Any CPU
		{D7713F8E-C222-4EC6-B87A-534DA6A6E1E0}.Release|Any CPU.Build.0 = Release|Any CPU
		{CA6FB8EB-D5E9-42C9-B81D-974BB666DD14}.Debug|Any CPU.ActiveCfg = Debug|Any CPU
		{CA6FB8EB-D5E9-42C9-B81D-974BB666DD14}.Debug|Any CPU.Build.0 = Debug|Any CPU
		{CA6FB8EB-D5E9-42C9-B81D-974BB666DD14}.Release|Any CPU.ActiveCfg = Release|Any CPU
		{CA6FB8EB-D5E9-42C9-B81D-974BB666DD14}.Release|Any CPU.Build.0 = Release|Any CPU
		{A22C732B-1C7F-4647-AE3C-8852B94AF663}.Debug|Any CPU.ActiveCfg = Debug|Any CPU
		{A22C732B-1C7F-4647-AE3C-8852B94AF663}.Debug|Any CPU.Build.0 = Debug|Any CPU
		{A22C732B-1C7F-4647-AE3C-8852B94AF663}.Release|Any CPU.ActiveCfg = Release|Any CPU
		{A22C732B-1C7F-4647-AE3C-8852B94AF663}.Release|Any CPU.Build.0 = Release|Any CPU
		{363D842F-24ED-41B0-87A5-ED369379E1F1}.Debug|Any CPU.ActiveCfg = Debug|Any CPU
		{363D842F-24ED-41B0-87A5-ED369379E1F1}.Debug|Any CPU.Build.0 = Debug|Any CPU
		{363D842F-24ED-41B0-87A5-ED369379E1F1}.Release|Any CPU.ActiveCfg = Release|Any CPU
		{363D842F-24ED-41B0-87A5-ED369379E1F1}.Release|Any CPU.Build.0 = Release|Any CPU
		{C67658F4-E2E2-4294-B6A0-3A06FF79DA45}.Debug|Any CPU.ActiveCfg = Debug|Any CPU
		{C67658F4-E2E2-4294-B6A0-3A06FF79DA45}.Debug|Any CPU.Build.0 = Debug|Any CPU
		{C67658F4-E2E2-4294-B6A0-3A06FF79DA45}.Release|Any CPU.ActiveCfg = Release|Any CPU
		{C67658F4-E2E2-4294-B6A0-3A06FF79DA45}.Release|Any CPU.Build.0 = Release|Any CPU
		{721BEAA8-690F-42FB-A45B-5610034D9CE1}.Debug|Any CPU.ActiveCfg = Debug|Any CPU
		{721BEAA8-690F-42FB-A45B-5610034D9CE1}.Debug|Any CPU.Build.0 = Debug|Any CPU
		{721BEAA8-690F-42FB-A45B-5610034D9CE1}.Release|Any CPU.ActiveCfg = Release|Any CPU
		{721BEAA8-690F-42FB-A45B-5610034D9CE1}.Release|Any CPU.Build.0 = Release|Any CPU
		{A806687B-344C-47AF-8283-41970D6909F6}.Debug|Any CPU.ActiveCfg = Debug|Any CPU
		{A806687B-344C-47AF-8283-41970D6909F6}.Debug|Any CPU.Build.0 = Debug|Any CPU
		{A806687B-344C-47AF-8283-41970D6909F6}.Release|Any CPU.ActiveCfg = Release|Any CPU
		{A806687B-344C-47AF-8283-41970D6909F6}.Release|Any CPU.Build.0 = Release|Any CPU
		{F4699114-862C-4DED-B04D-6A5B697AE09D}.Debug|Any CPU.ActiveCfg = Debug|Any CPU
		{F4699114-862C-4DED-B04D-6A5B697AE09D}.Debug|Any CPU.Build.0 = Debug|Any CPU
		{F4699114-862C-4DED-B04D-6A5B697AE09D}.Release|Any CPU.ActiveCfg = Release|Any CPU
		{F4699114-862C-4DED-B04D-6A5B697AE09D}.Release|Any CPU.Build.0 = Release|Any CPU
		{E0826BFE-7F91-488F-AF8B-A62672958F56}.Debug|Any CPU.ActiveCfg = Debug|Any CPU
		{E0826BFE-7F91-488F-AF8B-A62672958F56}.Debug|Any CPU.Build.0 = Debug|Any CPU
		{E0826BFE-7F91-488F-AF8B-A62672958F56}.Release|Any CPU.ActiveCfg = Release|Any CPU
		{E0826BFE-7F91-488F-AF8B-A62672958F56}.Release|Any CPU.Build.0 = Release|Any CPU
		{5FCAB10E-76AB-4091-A2DF-5F8D5BFB0912}.Debug|Any CPU.ActiveCfg = Debug|Any CPU
		{5FCAB10E-76AB-4091-A2DF-5F8D5BFB0912}.Debug|Any CPU.Build.0 = Debug|Any CPU
		{5FCAB10E-76AB-4091-A2DF-5F8D5BFB0912}.Release|Any CPU.ActiveCfg = Release|Any CPU
		{5FCAB10E-76AB-4091-A2DF-5F8D5BFB0912}.Release|Any CPU.Build.0 = Release|Any CPU
		{B55EABA4-08F7-47C3-9EF3-A3981CD6C10C}.Debug|Any CPU.ActiveCfg = Debug|Any CPU
		{B55EABA4-08F7-47C3-9EF3-A3981CD6C10C}.Debug|Any CPU.Build.0 = Debug|Any CPU
		{B55EABA4-08F7-47C3-9EF3-A3981CD6C10C}.Release|Any CPU.ActiveCfg = Release|Any CPU
		{B55EABA4-08F7-47C3-9EF3-A3981CD6C10C}.Release|Any CPU.Build.0 = Release|Any CPU
		{DA64933B-2103-4DDC-8610-3F2FE8CF108D}.Debug|Any CPU.ActiveCfg = Debug|Any CPU
		{DA64933B-2103-4DDC-8610-3F2FE8CF108D}.Debug|Any CPU.Build.0 = Debug|Any CPU
		{DA64933B-2103-4DDC-8610-3F2FE8CF108D}.Release|Any CPU.ActiveCfg = Release|Any CPU
		{DA64933B-2103-4DDC-8610-3F2FE8CF108D}.Release|Any CPU.Build.0 = Release|Any CPU
		{B8D51504-FA0B-4B59-8EDB-462B0C0894FA}.Debug|Any CPU.ActiveCfg = Debug|Any CPU
		{B8D51504-FA0B-4B59-8EDB-462B0C0894FA}.Debug|Any CPU.Build.0 = Debug|Any CPU
		{B8D51504-FA0B-4B59-8EDB-462B0C0894FA}.Release|Any CPU.ActiveCfg = Release|Any CPU
		{B8D51504-FA0B-4B59-8EDB-462B0C0894FA}.Release|Any CPU.Build.0 = Release|Any CPU
		{EECA761F-8401-4A2B-87D5-FC21962FB68C}.Debug|Any CPU.ActiveCfg = Debug|Any CPU
		{EECA761F-8401-4A2B-87D5-FC21962FB68C}.Debug|Any CPU.Build.0 = Debug|Any CPU
		{EECA761F-8401-4A2B-87D5-FC21962FB68C}.Debug|Any CPU.Deploy.0 = Debug|Any CPU
		{EECA761F-8401-4A2B-87D5-FC21962FB68C}.Release|Any CPU.ActiveCfg = Release|Any CPU
		{EECA761F-8401-4A2B-87D5-FC21962FB68C}.Release|Any CPU.Build.0 = Release|Any CPU
		{EECA761F-8401-4A2B-87D5-FC21962FB68C}.Release|Any CPU.Deploy.0 = Release|Any CPU
	EndGlobalSection
	GlobalSection(SolutionProperties) = preSolution
		HideSolutionNode = FALSE
	EndGlobalSection
	GlobalSection(NestedProjects) = preSolution
		{4016E689-A14A-4A99-8BCE-DC0A3B25302D} = {D7618E54-1394-48FB-9567-84201E1ACC0D}
		{6F9D642A-6712-40B2-B88C-953FA622DC0B} = {4016E689-A14A-4A99-8BCE-DC0A3B25302D}
		{D7713F8E-C222-4EC6-B87A-534DA6A6E1E0} = {6F9D642A-6712-40B2-B88C-953FA622DC0B}
		{4F24F736-3849-4CDF-9711-CA92B408534B} = {4016E689-A14A-4A99-8BCE-DC0A3B25302D}
		{CA6FB8EB-D5E9-42C9-B81D-974BB666DD14} = {4F24F736-3849-4CDF-9711-CA92B408534B}
		{00263BAE-D84E-4465-8F42-D9B9A8B47127} = {4016E689-A14A-4A99-8BCE-DC0A3B25302D}
		{A22C732B-1C7F-4647-AE3C-8852B94AF663} = {00263BAE-D84E-4465-8F42-D9B9A8B47127}
		{BDDAAAB4-E891-41D0-BFB1-D3E6591C8D7D} = {4016E689-A14A-4A99-8BCE-DC0A3B25302D}
		{CA1DA039-1370-4A57-9670-F4F07D521D9C} = {D7618E54-1394-48FB-9567-84201E1ACC0D}
		{363D842F-24ED-41B0-87A5-ED369379E1F1} = {CA1DA039-1370-4A57-9670-F4F07D521D9C}
		{C67658F4-E2E2-4294-B6A0-3A06FF79DA45} = {00263BAE-D84E-4465-8F42-D9B9A8B47127}
		{721BEAA8-690F-42FB-A45B-5610034D9CE1} = {00263BAE-D84E-4465-8F42-D9B9A8B47127}
		{A806687B-344C-47AF-8283-41970D6909F6} = {CA1DA039-1370-4A57-9670-F4F07D521D9C}
		{F4699114-862C-4DED-B04D-6A5B697AE09D} = {CA1DA039-1370-4A57-9670-F4F07D521D9C}
		{E0826BFE-7F91-488F-AF8B-A62672958F56} = {BDDAAAB4-E891-41D0-BFB1-D3E6591C8D7D}
		{5FCAB10E-76AB-4091-A2DF-5F8D5BFB0912} = {CA1DA039-1370-4A57-9670-F4F07D521D9C}
		{B55EABA4-08F7-47C3-9EF3-A3981CD6C10C} = {CA1DA039-1370-4A57-9670-F4F07D521D9C}
		{DA64933B-2103-4DDC-8610-3F2FE8CF108D} = {6F9D642A-6712-40B2-B88C-953FA622DC0B}
		{B8D51504-FA0B-4B59-8EDB-462B0C0894FA} = {6F9D642A-6712-40B2-B88C-953FA622DC0B}
		{B12364F1-3B19-4369-B19D-BB2C82FCE663} = {D7618E54-1394-48FB-9567-84201E1ACC0D}
		{EECA761F-8401-4A2B-87D5-FC21962FB68C} = {B12364F1-3B19-4369-B19D-BB2C82FCE663}
	EndGlobalSection
	GlobalSection(ExtensibilityGlobals) = postSolution
		SolutionGuid = {F6718F1A-8F97-4628-9AFE-6AD8CEF9127F}
	EndGlobalSection
EndGlobal
